%{
  "tz": {:hex, :tz, "0.24.0", "a9073f152c5a9d0abeafde57150cd61d9f11faa7fa3710a20e8487ce05c76cee", [:mix], [{:castore, "~> 0.1", [hex: :castore, repo: "hexpm", optional: true]}, {:mint, "~> 1.4", [hex: :mint, repo: "hexpm", optional: true]}], "hexpm", "5c08671bb10a56e09371106b08f5c9192449bb22e94a51de063c8c1317317027"},
}
